
Microsoft Visual Studio Solution File, Format Version 11.00
# Visual Studio 2010
Project("{8BC9CEB8-8B4A-11D0-8D11-00A0C91BC942}") = "commands_system", "commands_system\commands_system.vcxproj", "{82B8D190-480C-4451-85E8-AC7D69B94DFD}"
EndProject
Project("{8BC9CEB8-8B4A-11D0-8D11-00A0C91BC942}") = "test_client_sockets", "test_client_sockets\test_client_sockets.vcxproj", "{D3BF3BC6-1104-4400-A290-DD78B4473AC2}"
EndProject
Global
	GlobalSection(SolutionConfigurationPlatforms) = preSolution
		Debug|Win32 = Debug|Win32
		Release|Win32 = Release|Win32
	EndGlobalSection
	GlobalSection(ProjectConfigurationPlatforms) = postSolution
		{82B8D190-480C-4451-85E8-AC7D69B94DFD}.Debug|Win32.ActiveCfg = Debug|Win32
		{82B8D190-480C-4451-85E8-AC7D69B94DFD}.Debug|Win32.Build.0 = Debug|Win32
		{82B8D190-480C-4451-85E8-AC7D69B94DFD}.Release|Win32.ActiveCfg = Release|Win32
		{82B8D190-480C-4451-85E8-AC7D69B94DFD}.Release|Win32.Build.0 = Release|Win32
		{D3BF3BC6-1104-4400-A290-DD78B4473AC2}.Debug|Win32.ActiveCfg = Debug|Win32
		{D3BF3BC6-1104-4400-A290-DD78B4473AC2}.Debug|Win32.Build.0 = Debug|Win32
		{D3BF3BC6-1104-4400-A290-DD78B4473AC2}.Release|Win32.ActiveCfg = Release|Win32
		{D3BF3BC6-1104-4400-A290-DD78B4473AC2}.Release|Win32.Build.0 = Release|Win32
	EndGlobalSection
	GlobalSection(SolutionProperties) = preSolution
		HideSolutionNode = FALSE
	EndGlobalSection
EndGlobal
